// !$*UTF8*$!
{
	archiveVersion = 1;
	classes = {
	};
	objectVersion = 46;
	objects = {

/* Begin PBXBuildFile section */
		577B34A916E4F1CE0002434E /* AsymmetricEncryptor.m in Sources */ = {isa = PBXBuildFile; fileRef = 577B34A516E4F1CE0002434E /* AsymmetricEncryptor.m */; };
		577B34AA16E4F1CE0002434E /* SymmetricEncryptor.m in Sources */ = {isa = PBXBuildFile; fileRef = 577B34A816E4F1CE0002434E /* SymmetricEncryptor.m */; };
		578AED1F16DCE314001106A8 /* SenTestingKit.framework in Frameworks */ = {isa = PBXBuildFile; fileRef = 57CB8DAA16DB87F700591A64 /* SenTestingKit.framework */; };
		578AED2016DCE314001106A8 /* UIKit.framework in Frameworks */ = {isa = PBXBuildFile; fileRef = 57CB8D8616DB87F700591A64 /* UIKit.framework */; };
		578AED2116DCE314001106A8 /* Foundation.framework in Frameworks */ = {isa = PBXBuildFile; fileRef = 57CB8D8816DB87F700591A64 /* Foundation.framework */; };
		578AED3116DCE342001106A8 /* EncryptorTest.m in Sources */ = {isa = PBXBuildFile; fileRef = 578AED3016DCE342001106A8 /* EncryptorTest.m */; };
		578AED3416DCE49A001106A8 /* Security.framework in Frameworks */ = {isa = PBXBuildFile; fileRef = 57CB8DC916DB887400591A64 /* Security.framework */; };
		578AED5016DD1075001106A8 /* NSData+AESCrypt.m in Sources */ = {isa = PBXBuildFile; fileRef = 578AED4E16DD1075001106A8 /* NSData+AESCrypt.m */; };
/* End PBXBuildFile section */

/* Begin PBXFileReference section */
		577B34A416E4F1CE0002434E /* AsymmetricEncryptor.h */ = {isa = PBXFileReference; fileEncoding = 4; lastKnownFileType = sourcecode.c.h; name = AsymmetricEncryptor.h; path = Encryptor/AsymmetricEncryptor.h; sourceTree = SOURCE_ROOT; };
		577B34A516E4F1CE0002434E /* AsymmetricEncryptor.m */ = {isa = PBXFileReference; fileEncoding = 4; lastKnownFileType = sourcecode.c.objc; name = AsymmetricEncryptor.m; path = Encryptor/AsymmetricEncryptor.m; sourceTree = SOURCE_ROOT; };
		577B34A616E4F1CE0002434E /* Encryptor.h */ = {isa = PBXFileReference; fileEncoding = 4; lastKnownFileType = sourcecode.c.h; name = Encryptor.h; path = Encryptor/Encryptor.h; sourceTree = SOURCE_ROOT; };
		577B34A716E4F1CE0002434E /* SymmetricEncryptor.h */ = {isa = PBXFileReference; fileEncoding = 4; lastKnownFileType = sourcecode.c.h; name = SymmetricEncryptor.h; path = Encryptor/SymmetricEncryptor.h; sourceTree = SOURCE_ROOT; };
		577B34A816E4F1CE0002434E /* SymmetricEncryptor.m */ = {isa = PBXFileReference; fileEncoding = 4; lastKnownFileType = sourcecode.c.objc; name = SymmetricEncryptor.m; path = Encryptor/SymmetricEncryptor.m; sourceTree = SOURCE_ROOT; };
		578AED1E16DCE314001106A8 /* EncryptorTest.octest */ = {isa = PBXFileReference; explicitFileType = wrapper.cfbundle; includeInIndex = 0; path = EncryptorTest.octest; sourceTree = BUILT_PRODUCTS_DIR; };
		578AED2F16DCE342001106A8 /* EncryptorTest.h */ = {isa = PBXFileReference; fileEncoding = 4; lastKnownFileType = sourcecode.c.h; path = EncryptorTest.h; sourceTree = "<group>"; };
		578AED3016DCE342001106A8 /* EncryptorTest.m */ = {isa = PBXFileReference; fileEncoding = 4; lastKnownFileType = sourcecode.c.objc; path = EncryptorTest.m; sourceTree = "<group>"; };
		578AED4D16DD1075001106A8 /* NSData+AESCrypt.h */ = {isa = PBXFileReference; fileEncoding = 4; lastKnownFileType = sourcecode.c.h; name = "NSData+AESCrypt.h"; path = "Encryptor/NSData+AESCrypt.h"; sourceTree = SOURCE_ROOT; };
		578AED4E16DD1075001106A8 /* NSData+AESCrypt.m */ = {isa = PBXFileReference; fileEncoding = 4; lastKnownFileType = sourcecode.c.objc; name = "NSData+AESCrypt.m"; path = "Encryptor/NSData+AESCrypt.m"; sourceTree = SOURCE_ROOT; };
		57CB8D8616DB87F700591A64 /* UIKit.framework */ = {isa = PBXFileReference; lastKnownFileType = wrapper.framework; name = UIKit.framework; path = System/Library/Frameworks/UIKit.framework; sourceTree = SDKROOT; };
		57CB8D8816DB87F700591A64 /* Foundation.framework */ = {isa = PBXFileReference; lastKnownFileType = wrapper.framework; name = Foundation.framework; path = System/Library/Frameworks/Foundation.framework; sourceTree = SDKROOT; };
		57CB8D8A16DB87F700591A64 /* CoreGraphics.framework */ = {isa = PBXFileReference; lastKnownFileType = wrapper.framework; name = CoreGraphics.framework; path = System/Library/Frameworks/CoreGraphics.framework; sourceTree = SDKROOT; };
		57CB8DAA16DB87F700591A64 /* SenTestingKit.framework */ = {isa = PBXFileReference; lastKnownFileType = wrapper.framework; name = SenTestingKit.framework; path = Library/Frameworks/SenTestingKit.framework; sourceTree = DEVELOPER_DIR; };
		57CB8DC916DB887400591A64 /* Security.framework */ = {isa = PBXFileReference; lastKnownFileType = wrapper.framework; name = Security.framework; path = System/Library/Frameworks/Security.framework; sourceTree = SDKROOT; };
/* End PBXFileReference section */

/* Begin PBXFrameworksBuildPhase section */
		578AED1A16DCE314001106A8 /* Frameworks */ = {
			isa = PBXFrameworksBuildPhase;
			buildActionMask = 2147483647;
			files = (
				578AED3416DCE49A001106A8 /* Security.framework in Frameworks */,
				578AED1F16DCE314001106A8 /* SenTestingKit.framework in Frameworks */,
				578AED2016DCE314001106A8 /* UIKit.framework in Frameworks */,
				578AED2116DCE314001106A8 /* Foundation.framework in Frameworks */,
			);
			runOnlyForDeploymentPostprocessing = 0;
		};
/* End PBXFrameworksBuildPhase section */

/* Begin PBXGroup section */
		578AED2216DCE314001106A8 /* EncryptorTest */ = {
			isa = PBXGroup;
			children = (
				578AED2F16DCE342001106A8 /* EncryptorTest.h */,
				578AED3016DCE342001106A8 /* EncryptorTest.m */,
			);
			path = EncryptorTest;
			sourceTree = "<group>";
		};
		57CB8D7A16DB87F700591A64 = {
			isa = PBXGroup;
			children = (
				57CB8D8C16DB87F700591A64 /* iOS-Encryption */,
				578AED2216DCE314001106A8 /* EncryptorTest */,
				57CB8D8516DB87F700591A64 /* Frameworks */,
				57CB8D8416DB87F700591A64 /* Products */,
			);
			sourceTree = "<group>";
		};
		57CB8D8416DB87F700591A64 /* Products */ = {
			isa = PBXGroup;
			children = (
				578AED1E16DCE314001106A8 /* EncryptorTest.octest */,
			);
			name = Products;
			sourceTree = "<group>";
		};
		57CB8D8516DB87F700591A64 /* Frameworks */ = {
			isa = PBXGroup;
			children = (
				57CB8DC916DB887400591A64 /* Security.framework */,
				57CB8D8616DB87F700591A64 /* UIKit.framework */,
				57CB8D8816DB87F700591A64 /* Foundation.framework */,
				57CB8D8A16DB87F700591A64 /* CoreGraphics.framework */,
				57CB8DAA16DB87F700591A64 /* SenTestingKit.framework */,
			);
			name = Frameworks;
			sourceTree = "<group>";
		};
		57CB8D8C16DB87F700591A64 /* iOS-Encryption */ = {
			isa = PBXGroup;
			children = (
				577B34A416E4F1CE0002434E /* AsymmetricEncryptor.h */,
				577B34A516E4F1CE0002434E /* AsymmetricEncryptor.m */,
				577B34A616E4F1CE0002434E /* Encryptor.h */,
				577B34A716E4F1CE0002434E /* SymmetricEncryptor.h */,
				577B34A816E4F1CE0002434E /* SymmetricEncryptor.m */,
				578AED4D16DD1075001106A8 /* NSData+AESCrypt.h */,
				578AED4E16DD1075001106A8 /* NSData+AESCrypt.m */,
			);
			name = "iOS-Encryption";
			path = TestEncryption2;
			sourceTree = "<group>";
		};
/* End PBXGroup section */

/* Begin PBXNativeTarget section */
		578AED1D16DCE314001106A8 /* EncryptorTest */ = {
			isa = PBXNativeTarget;
			buildConfigurationList = 578AED2C16DCE314001106A8 /* Build configuration list for PBXNativeTarget "EncryptorTest" */;
			buildPhases = (
				578AED1916DCE314001106A8 /* Sources */,
				578AED1A16DCE314001106A8 /* Frameworks */,
				578AED1B16DCE314001106A8 /* Resources */,
				578AED1C16DCE314001106A8 /* ShellScript */,
			);
			buildRules = (
			);
			dependencies = (
			);
			name = EncryptorTest;
			productName = EncryptorTest;
			productReference = 578AED1E16DCE314001106A8 /* EncryptorTest.octest */;
			productType = "com.apple.product-type.bundle";
		};
/* End PBXNativeTarget section */

/* Begin PBXProject section */
		57CB8D7B16DB87F700591A64 /* Project object */ = {
			isa = PBXProject;
			attributes = {
				LastUpgradeCheck = 0460;
				ORGANIZATIONNAME = "Monterosa Productions Ltd";
			};
			buildConfigurationList = 57CB8D7E16DB87F700591A64 /* Build configuration list for PBXProject "iOS-Encryption" */;
			compatibilityVersion = "Xcode 3.2";
			developmentRegion = English;
			hasScannedForEncodings = 0;
			knownRegions = (
				en,
			);
			mainGroup = 57CB8D7A16DB87F700591A64;
			productRefGroup = 57CB8D8416DB87F700591A64 /* Products */;
			projectDirPath = "";
			projectRoot = "";
			targets = (
				578AED1D16DCE314001106A8 /* EncryptorTest */,
			);
		};
/* End PBXProject section */

/* Begin PBXResourcesBuildPhase section */
		578AED1B16DCE314001106A8 /* Resources */ = {
			isa = PBXResourcesBuildPhase;
			buildActionMask = 2147483647;
			files = (
			);
			runOnlyForDeploymentPostprocessing = 0;
		};
/* End PBXResourcesBuildPhase section */

/* Begin PBXShellScriptBuildPhase section */
		578AED1C16DCE314001106A8 /* ShellScript */ = {
			isa = PBXShellScriptBuildPhase;
			buildActionMask = 2147483647;
			files = (
			);
			inputPaths = (
			);
			outputPaths = (
			);
			runOnlyForDeploymentPostprocessing = 0;
			shellPath = /bin/sh;
			shellScript = "# Run the unit tests in this test bundle.\n\"${SYSTEM_DEVELOPER_DIR}/Tools/RunUnitTests\"\n";
		};
/* End PBXShellScriptBuildPhase section */

/* Begin PBXSourcesBuildPhase section */
		578AED1916DCE314001106A8 /* Sources */ = {
			isa = PBXSourcesBuildPhase;
			buildActionMask = 2147483647;
			files = (
				578AED3116DCE342001106A8 /* EncryptorTest.m in Sources */,
				578AED5016DD1075001106A8 /* NSData+AESCrypt.m in Sources */,
				577B34A916E4F1CE0002434E /* AsymmetricEncryptor.m in Sources */,
				577B34AA16E4F1CE0002434E /* SymmetricEncryptor.m in Sources */,
			);
			runOnlyForDeploymentPostprocessing = 0;
		};
/* End PBXSourcesBuildPhase section */

/* Begin XCBuildConfiguration section */
		578AED2D16DCE314001106A8 /* Debug */ = {
			isa = XCBuildConfiguration;
			buildSettings = {
				FRAMEWORK_SEARCH_PATHS = (
					"\"$(SDKROOT)/Developer/Library/Frameworks\"",
					"\"$(DEVELOPER_LIBRARY_DIR)/Frameworks\"",
				);
				GCC_PRECOMPILE_PREFIX_HEADER = YES;
				GCC_PREFIX_HEADER = "EncryptorTest/EncryptorTest-Prefix.pch";
				INFOPLIST_FILE = "EncryptorTest/EncryptorTest-Info.plist";
				PRODUCT_NAME = "$(TARGET_NAME)";
				WRAPPER_EXTENSION = octest;
			};
			name = Debug;
		};
		578AED2E16DCE314001106A8 /* Release */ = {
			isa = XCBuildConfiguration;
			buildSettings = {
				FRAMEWORK_SEARCH_PATHS = (
					"\"$(SDKROOT)/Developer/Library/Frameworks\"",
					"\"$(DEVELOPER_LIBRARY_DIR)/Frameworks\"",
				);
				GCC_PRECOMPILE_PREFIX_HEADER = YES;
				GCC_PREFIX_HEADER = "EncryptorTest/EncryptorTest-Prefix.pch";
				INFOPLIST_FILE = "EncryptorTest/EncryptorTest-Info.plist";
				PRODUCT_NAME = "$(TARGET_NAME)";
				WRAPPER_EXTENSION = octest;
			};
			name = Release;
		};
		57CB8DB916DB87F700591A64 /* Debug */ = {
			isa = XCBuildConfiguration;
			buildSettings = {
				ALWAYS_SEARCH_USER_PATHS = NO;
				CLANG_CXX_LANGUAGE_STANDARD = "gnu++0x";
				CLANG_CXX_LIBRARY = "libc++";
				CLANG_ENABLE_OBJC_ARC = YES;
				CLANG_WARN_CONSTANT_CONVERSION = YES;
				CLANG_WARN_EMPTY_BODY = YES;
				CLANG_WARN_ENUM_CONVERSION = YES;
				CLANG_WARN_INT_CONVERSION = YES;
				CLANG_WARN__DUPLICATE_METHOD_MATCH = YES;
				"CODE_SIGN_IDENTITY[sdk=iphoneos*]" = "iPhone Developer";
				COPY_PHASE_STRIP = NO;
				GCC_C_LANGUAGE_STANDARD = gnu99;
				GCC_DYNAMIC_NO_PIC = NO;
				GCC_OPTIMIZATION_LEVEL = 0;
				GCC_PREPROCESSOR_DEFINITIONS = (
					"DEBUG=1",
					"$(inherited)",
				);
				GCC_SYMBOLS_PRIVATE_EXTERN = NO;
				GCC_WARN_ABOUT_RETURN_TYPE = YES;
				GCC_WARN_UNINITIALIZED_AUTOS = YES;
				GCC_WARN_UNUSED_VARIABLE = YES;
				IPHONEOS_DEPLOYMENT_TARGET = 6.1;
				ONLY_ACTIVE_ARCH = YES;
				SDKROOT = iphoneos;
			};
			name = Debug;
		};
		57CB8DBA16DB87F700591A64 /* Release */ = {
			isa = XCBuildConfiguration;
			buildSettings = {
				ALWAYS_SEARCH_USER_PATHS = NO;
				CLANG_CXX_LANGUAGE_STANDARD = "gnu++0x";
				CLANG_CXX_LIBRARY = "libc++";
				CLANG_ENABLE_OBJC_ARC = YES;
				CLANG_WARN_CONSTANT_CONVERSION = YES;
				CLANG_WARN_EMPTY_BODY = YES;
				CLANG_WARN_ENUM_CONVERSION = YES;
				CLANG_WARN_INT_CONVERSION = YES;
				CLANG_WARN__DUPLICATE_METHOD_MATCH = YES;
				"CODE_SIGN_IDENTITY[sdk=iphoneos*]" = "iPhone Developer";
				COPY_PHASE_STRIP = YES;
				GCC_C_LANGUAGE_STANDARD = gnu99;
				GCC_WARN_ABOUT_RETURN_TYPE = YES;
				GCC_WARN_UNINITIALIZED_AUTOS = YES;
				GCC_WARN_UNUSED_VARIABLE = YES;
				IPHONEOS_DEPLOYMENT_TARGET = 6.1;
				OTHER_CFLAGS = "-DNS_BLOCK_ASSERTIONS=1";
				SDKROOT = iphoneos;
				VALIDATE_PRODUCT = YES;
			};
			name = Release;
		};
/* End XCBuildConfiguration section */

/* Begin XCConfigurationList section */
		578AED2C16DCE314001106A8 /* Build configuration list for PBXNativeTarget "EncryptorTest" */ = {
			isa = XCConfigurationList;
			buildConfigurations = (
				578AED2D16DCE314001106A8 /* Debug */,
				578AED2E16DCE314001106A8 /* Release */,
			);
			defaultConfigurationIsVisible = 0;
			defaultConfigurationName = Release;
		};
		57CB8D7E16DB87F700591A64 /* Build configuration list for PBXProject "iOS-Encryption" */ = {
			isa = XCConfigurationList;
			buildConfigurations = (
				57CB8DB916DB87F700591A64 /* Debug */,
				57CB8DBA16DB87F700591A64 /* Release */,
			);
			defaultConfigurationIsVisible = 0;
			defaultConfigurationName = Release;
		};
/* End XCConfigurationList section */
	};
	rootObject = 57CB8D7B16DB87F700591A64 /* Project object */;
}
